<?xml version="1.0" encoding="utf-8"?>
<Project ToolsVersion="4.0" xmlns="http://schemas.microsoft.com/developer/msbuild/2003">
  <ItemGroup>
    <Filter Include="Pliki źródłowe">
      <UniqueIdentifier>{4FC737F1-C7A5-4376-A066-2A32D752A2FF}</UniqueIdentifier>
      <Extensions>cpp;c;cc;cxx;c++;cppm;ixx;def;odl;idl;hpj;bat;asm;asmx</Extensions>
    </Filter>
    <Filter Include="Pliki nagłówkowe">
      <UniqueIdentifier>{93995380-89BD-4b04-88EB-625FBE52EBFB}</UniqueIdentifier>
      <Extensions>h;hh;hpp;hxx;h++;hm;inl;inc;ipp;xsd</Extensions>
    </Filter>
    <Filter Include="Pliki zasobów">
      <UniqueIdentifier>{67DA6AB6-F800-4c08-8B7A-83BB121AAD01}</UniqueIdentifier>
      <Extensions>rc;ico;cur;bmp;dlg;rc2;rct;bin;rgs;gif;jpg;jpeg;jpe;resx;tiff;tif;png;wav;mfcribbon-ms</Extensions>
    </Filter>
    <Filter Include="naglowki">
      <UniqueIdentifier>{f39f0738-287f-47d9-ae9d-216ab6ca896c}</UniqueIdentifier>
    </Filter>
    <Filter Include="zrodla">
      <UniqueIdentifier>{28b368d7-cb0f-4b14-ad44-9ac61323c4fe}</UniqueIdentifier>
    </Filter>
    <Filter Include="testy">
      <UniqueIdentifier>{d4c08e90-83ae-4a4f-906c-e568a8437288}</UniqueIdentifier>
    </Filter>
    <Filter Include="przyklady">
      <UniqueIdentifier>{dc133c5b-e190-4fab-807f-877604629eb7}</UniqueIdentifier>
    </Filter>
  </ItemGroup>
  <ItemGroup>
    <ClInclude Include="framework.h">
      <Filter>Pliki nagłówkowe</Filter>
    </ClInclude>
    <ClInclude Include="biblioteka_numeryczna.h">
      <Filter>naglowki</Filter>
    </ClInclude>
  </ItemGroup>
  <ItemGroup>
    <ClCompile Include="metoda_bisekcji.cpp">
      <Filter>zrodla</Filter>
    </ClCompile>
    <ClCompile Include="test_bisekcji.cpp">
      <Filter>testy</Filter>
    </ClCompile>
    <ClCompile Include="przyklad_bisekcji.cpp">
      <Filter>przyklady</Filter>
    </ClCompile>
    <ClCompile Include="inne_metody.cpp">
      <Filter>zrodla</Filter>
    </ClCompile>
  </ItemGroup>
</Project>